<?xml version="1.0" encoding="utf-8"?>
<Project ToolsVersion="4.0" xmlns="http://schemas.microsoft.com/developer/msbuild/2003">
  <ItemGroup>
    <Filter Include="math">
      <UniqueIdentifier>{441727cc-a383-477a-bdb4-ca19620b7a1c}</UniqueIdentifier>
    </Filter>
    <Filter Include="math\core">
      <UniqueIdentifier>{74cd398d-07e2-4521-9147-c704fc6cd939}</UniqueIdentifier>
    </Filter>
    <Filter Include="math\tuple">
      <UniqueIdentifier>{8a3dc9ee-53e8-4df6-821d-85d7b08cedf0}</UniqueIdentifier>
    </Filter>
    <Filter Include="math\core\swizzle">
      <UniqueIdentifier>{bbffb75e-c6a0-43bc-a8e5-feffd298c1ac}</UniqueIdentifier>
    </Filter>
  </ItemGroup>
  <ItemGroup>
    <ClInclude Include="src\math\func.hpp">
      <Filter>math</Filter>
    </ClInclude>
    <ClInclude Include="src\math\types.hpp">
      <Filter>math</Filter>
    </ClInclude>
    <ClInclude Include="src\math\core\swizzle\swizzle.hpp">
      <Filter>math\core\swizzle</Filter>
    </ClInclude>
    <ClInclude Include="src\math\core\swizzle\swizzle_gen.hpp">
      <Filter>math\core\swizzle</Filter>
    </ClInclude>
    <ClInclude Include="src\math\core\swizzle\swizzle2.hpp">
      <Filter>math\core\swizzle</Filter>
    </ClInclude>
    <ClInclude Include="src\math\core\swizzle\swizzle3.hpp">
      <Filter>math\core\swizzle</Filter>
    </ClInclude>
    <ClInclude Include="src\math\core\swizzle\swizzle4.hpp">
      <Filter>math\core\swizzle</Filter>
    </ClInclude>
    <ClInclude Include="src\math\core\quaternion.hpp">
      <Filter>math\core</Filter>
    </ClInclude>
    <ClInclude Include="src\math\tuple\axis_angle.hpp">
      <Filter>math\tuple</Filter>
    </ClInclude>
    <ClInclude Include="src\math\tuple\euler.hpp">
      <Filter>math\tuple</Filter>
    </ClInclude>
    <ClInclude Include="src\math\core\vector.hpp">
      <Filter>math\core</Filter>
    </ClInclude>
    <ClInclude Include="src\math\core\matrix.hpp">
      <Filter>math\core</Filter>
    </ClInclude>
  </ItemGroup>
  <ItemGroup>
    <None Include="src\math\func.inl">
      <Filter>math</Filter>
    </None>
    <None Include="src\math\core\swizzle\swizzle2.inl">
      <Filter>math\core\swizzle</Filter>
    </None>
    <None Include="src\math\core\swizzle\swizzle3.inl">
      <Filter>math\core\swizzle</Filter>
    </None>
    <None Include="src\math\core\swizzle\swizzle4.inl">
      <Filter>math\core\swizzle</Filter>
    </None>
    <None Include="src\math\core\quaternion.inl">
      <Filter>math\core</Filter>
    </None>
    <None Include="src\math\tuple\axis_angle.inl">
      <Filter>math\tuple</Filter>
    </None>
    <None Include="src\math\tuple\euler.inl">
      <Filter>math\tuple</Filter>
    </None>
  </ItemGroup>
  <ItemGroup>
    <ClCompile Include="src\main.cpp" />
  </ItemGroup>
</Project>